
Microsoft Visual Studio Solution File, Format Version 12.00
# Visual Studio Version 16
VisualStudioVersion = 16.0.31205.134
MinimumVisualStudioVersion = 10.0.40219.1
Project("{9A19103F-16F7-4668-BE54-9A1E7A4F7556}") = "MakeITEasy.WebHostSample", "MakeITEasy.JobScheduler\MakeITEasy.WebHostSample.csproj", "{05CB4C19-6875-41A3-82E0-F451ACEFA146}"
EndProject
Project("{9A19103F-16F7-4668-BE54-9A1E7A4F7556}") = "MakeITeasy.QuartzNetAdminUI", "MakeITeasy.QuartzNetAdminUI\MakeITeasy.QuartzNetAdminUI.csproj", "{5AF51C5C-2B19-4AC2-A521-AE79C901B8CF}"
EndProject
Global
	GlobalSection(SolutionConfigurationPlatforms) = preSolution
		Debug|Any CPU = Debug|Any CPU
		Release|Any CPU = Release|Any CPU
	EndGlobalSection
	GlobalSection(ProjectConfigurationPlatforms) = postSolution
		{05CB4C19-6875-41A3-82E0-F451ACEFA146}.Debug|Any CPU.ActiveCfg = Debug|Any CPU
		{05CB4C19-6875-41A3-82E0-F451ACEFA146}.Debug|Any CPU.Build.0 = Debug|Any CPU
		{05CB4C19-6875-41A3-82E0-F451ACEFA146}.Release|Any CPU.ActiveCfg = Release|Any CPU
		{05CB4C19-6875-41A3-82E0-F451ACEFA146}.Release|Any CPU.Build.0 = Release|Any CPU
		{5AF51C5C-2B19-4AC2-A521-AE79C901B8CF}.Debug|Any CPU.ActiveCfg = Debug|Any CPU
		{5AF51C5C-2B19-4AC2-A521-AE79C901B8CF}.Debug|Any CPU.Build.0 = Debug|Any CPU
		{5AF51C5C-2B19-4AC2-A521-AE79C901B8CF}.Release|Any CPU.ActiveCfg = Release|Any CPU
		{5AF51C5C-2B19-4AC2-A521-AE79C901B8CF}.Release|Any CPU.Build.0 = Release|Any CPU
	EndGlobalSection
	GlobalSection(SolutionProperties) = preSolution
		HideSolutionNode = FALSE
	EndGlobalSection
	GlobalSection(ExtensibilityGlobals) = postSolution
		SolutionGuid = {D9C94C9C-B46C-40F3-AA83-2D0C67D873A9}
	EndGlobalSection
EndGlobal
